{
  "projects": [
    {
      "projectId": "ohDidvG9XsCeFumugENU3J",
      "version": "6.29.0",
      "dependencies": {},
      "lang": "js",
      "fileLocks": [
        {
          "assetId": "ohDidvG9XsCeFumugENU3J",
          "type": "projectCss",
          "checksum": "ba2a60a163fca4f4d510275088a2be53"
        },
        {
          "assetId": "ohDidvG9XsCeFumugENU3J",
          "checksum": "de0a0e65174a6a185a8f822af51c6bdd",
          "type": "globalContexts"
        }
      ],
      "codegenVersion": "0.0.1"
    },
    {
      "projectId": "gmeH6XgPaBtkt51HunAo4g",
      "version": "18.14.0",
      "dependencies": {},
      "lang": "js",
      "fileLocks": [
        {
          "assetId": "gmeH6XgPaBtkt51HunAo4g",
          "type": "projectCss",
          "checksum": "1c02168c6b23256606111fdfdbb63549"
        }
      ],
      "codegenVersion": "0.0.1"
    },
    {
      "projectId": "uftrV6ZeR5SuVi5gnDLzFk",
      "version": "latest",
      "dependencies": {
        "gmeH6XgPaBtkt51HunAo4g": "18.14.0",
        "ohDidvG9XsCeFumugENU3J": "6.29.0"
      },
      "lang": "js",
      "fileLocks": [
        {
          "type": "globalVariant",
          "assetId": "xtsyYlb80oMw",
          "checksum": "c31a4d70c663fb53cb5ac88fa9a872ef"
        },
        {
          "assetId": "uftrV6ZeR5SuVi5gnDLzFk",
          "type": "projectCss",
          "checksum": "05b1c40a84ec8e3f34f3981489d85be4"
        },
        {
          "assetId": "uftrV6ZeR5SuVi5gnDLzFk",
          "checksum": "c4780c48dbf087263836b2ffa2bad6e1",
          "type": "globalContexts"
        },
        {
          "type": "renderModule",
          "assetId": "If1fqS83W9Lw",
          "checksum": "badb90743e819c3b6f2bf8395b15b96c"
        },
        {
          "type": "cssRules",
          "assetId": "If1fqS83W9Lw",
          "checksum": "badb90743e819c3b6f2bf8395b15b96c"
        },
        {
          "type": "renderModule",
          "assetId": "rAg7mntU2p-Z",
          "checksum": "547cc9bde97c3b246dd2bd61644222af"
        },
        {
          "type": "cssRules",
          "assetId": "rAg7mntU2p-Z",
          "checksum": "547cc9bde97c3b246dd2bd61644222af"
        },
        {
          "type": "renderModule",
          "assetId": "fDzUbLUclsbT",
          "checksum": "ca02b1422fcc1d12c5190cfdb7f4ab35"
        },
        {
          "type": "cssRules",
          "assetId": "fDzUbLUclsbT",
          "checksum": "ca02b1422fcc1d12c5190cfdb7f4ab35"
        },
        {
          "type": "renderModule",
          "assetId": "WctPQ5o6WkUj",
          "checksum": "e4780665ba0f66f83fe1fe1238acb227"
        },
        {
          "type": "cssRules",
          "assetId": "WctPQ5o6WkUj",
          "checksum": "e4780665ba0f66f83fe1fe1238acb227"
        },
        {
          "type": "renderModule",
          "assetId": "es9YdAeJ_HTY",
          "checksum": "a23f5c79dabbd7bd298079db237d6013"
        },
        {
          "type": "cssRules",
          "assetId": "es9YdAeJ_HTY",
          "checksum": "a23f5c79dabbd7bd298079db237d6013"
        },
        {
          "type": "renderModule",
          "assetId": "9vVSXaKyPA3c",
          "checksum": "bb2395e95495d67a065c55ae026b3480"
        },
        {
          "type": "cssRules",
          "assetId": "9vVSXaKyPA3c",
          "checksum": "bb2395e95495d67a065c55ae026b3480"
        },
        {
          "type": "renderModule",
          "assetId": "rRHa6sutWAMk",
          "checksum": "794810a9ba4f284b4b65067cceafd427"
        },
        {
          "type": "cssRules",
          "assetId": "rRHa6sutWAMk",
          "checksum": "794810a9ba4f284b4b65067cceafd427"
        },
        {
          "type": "renderModule",
          "assetId": "6QUK1TKxC8e0",
          "checksum": "31478b6e3a7ac7163b893b4128722347"
        },
        {
          "type": "cssRules",
          "assetId": "6QUK1TKxC8e0",
          "checksum": "31478b6e3a7ac7163b893b4128722347"
        },
        {
          "type": "renderModule",
          "assetId": "sk8UU7NZ0haD",
          "checksum": "53e3eaa7d04be4754a53053d78caa224"
        },
        {
          "type": "cssRules",
          "assetId": "sk8UU7NZ0haD",
          "checksum": "53e3eaa7d04be4754a53053d78caa224"
        },
        {
          "type": "renderModule",
          "assetId": "DvIi7D0cOleK",
          "checksum": "78d7ebf27f0c3f0ebdd8abd6dfb5f90e"
        },
        {
          "type": "cssRules",
          "assetId": "DvIi7D0cOleK",
          "checksum": "78d7ebf27f0c3f0ebdd8abd6dfb5f90e"
        },
        {
          "type": "renderModule",
          "assetId": "7dwSa8bPVtQ1",
          "checksum": "7a69f94ddb1319528b9f9ab98e82d1c4"
        },
        {
          "type": "cssRules",
          "assetId": "7dwSa8bPVtQ1",
          "checksum": "7a69f94ddb1319528b9f9ab98e82d1c4"
        },
        {
          "type": "renderModule",
          "assetId": "bq9LOnCioDwS",
          "checksum": "1985fb05e06464b32f0d47718573b48b"
        },
        {
          "type": "cssRules",
          "assetId": "bq9LOnCioDwS",
          "checksum": "1985fb05e06464b32f0d47718573b48b"
        },
        {
          "type": "renderModule",
          "assetId": "u0aerLYCjy_n",
          "checksum": "47bc6e07edda9efb0ccf2039378c680a"
        },
        {
          "type": "cssRules",
          "assetId": "u0aerLYCjy_n",
          "checksum": "47bc6e07edda9efb0ccf2039378c680a"
        },
        {
          "type": "renderModule",
          "assetId": "Zg4s2YlHaKET",
          "checksum": "135bd34e2fc0cf3f00c8aa457bc97373"
        },
        {
          "type": "cssRules",
          "assetId": "Zg4s2YlHaKET",
          "checksum": "135bd34e2fc0cf3f00c8aa457bc97373"
        },
        {
          "type": "renderModule",
          "assetId": "QND78FtVezI_",
          "checksum": "2432a4ad6fe5cb1e7a75c5a7e43906ef"
        },
        {
          "type": "cssRules",
          "assetId": "QND78FtVezI_",
          "checksum": "2432a4ad6fe5cb1e7a75c5a7e43906ef"
        },
        {
          "type": "icon",
          "assetId": "7NqpYeHdr-BS",
          "checksum": "d062f4d79df10a9e8099e5035d3528aa"
        },
        {
          "type": "icon",
          "assetId": "abPIbKksWClw",
          "checksum": "6ed9a1798ae58c91b32a41b87cbc7d17"
        },
        {
          "type": "icon",
          "assetId": "cFtca-D7-EeI",
          "checksum": "b96bb34bd67eb7e28dfff221306322ac"
        },
        {
          "type": "icon",
          "assetId": "OSxooh8amVE9",
          "checksum": "7b6cfa7b2f4636fc2eb28c05b4e8955f"
        },
        {
          "type": "icon",
          "assetId": "sjMFG2kuKUE8",
          "checksum": "06bfd8b2e22e877cc4dd27284c0bbfdb"
        },
        {
          "type": "icon",
          "assetId": "yxnEMBaDRr2s",
          "checksum": "75c6c0e12b32f66f888bbda7b2445f10"
        },
        {
          "type": "icon",
          "assetId": "Oy8iKvQHZADB",
          "checksum": "f1935c9b3544fb7572bdb2ab6dfd193e"
        },
        {
          "type": "icon",
          "assetId": "Q4TjpVp3RC6o",
          "checksum": "ca54ea5ce18ff8639750b37c4c2c3ef7"
        },
        {
          "type": "icon",
          "assetId": "X45Lhaj-b9Q6",
          "checksum": "5f6751acd2ffa380596debcab5d6c01c"
        },
        {
          "type": "icon",
          "assetId": "bzNgbhcnI4ay",
          "checksum": "e8cbe398cb25eae4cdcf8c4e6a001116"
        },
        {
          "type": "icon",
          "assetId": "iMF49jygxBcz",
          "checksum": "94edcc7a66d70bdf3dec4574f8ba3e9b"
        },
        {
          "type": "icon",
          "assetId": "YGMYbVzkkBki",
          "checksum": "570ff95cb1c6ce866b6fab9d769f1a56"
        },
        {
          "type": "icon",
          "assetId": "uXVwUpaTn5at",
          "checksum": "80acb28aa3aabde5d4e3a817f5aec828"
        },
        {
          "type": "icon",
          "assetId": "mBPHGnyrhgrD",
          "checksum": "ddf60ab45bfebfe9ee4c6a2d01e3c027"
        },
        {
          "type": "icon",
          "assetId": "rW4NxBbej7kX",
          "checksum": "497a70d520d43df8da67506fab5aad64"
        },
        {
          "type": "icon",
          "assetId": "6zqH4dNVo-Nh",
          "checksum": "cfaa64426ea17f98b7ee04b34fbb28ce"
        },
        {
          "type": "icon",
          "assetId": "0hXY__cBTkKA",
          "checksum": "114f89d3817389247efce58173767594"
        },
        {
          "type": "icon",
          "assetId": "SWMKlknz9t08",
          "checksum": "a19e33422345d60e32970969af6aa0ad"
        },
        {
          "type": "icon",
          "assetId": "Aes46eB7owqz",
          "checksum": "bfe9d2dd31ee327b7d25f430769fba1a"
        },
        {
          "type": "icon",
          "assetId": "Ul8Ki0qrNFXc",
          "checksum": "dd27b2b7546afb86d3428fe3b87579c3"
        },
        {
          "type": "image",
          "assetId": "u1ILm7Ym_YX5",
          "checksum": "63575d788a01a883f089d634fbe4b654"
        },
        {
          "type": "image",
          "assetId": "SR0ffEbto6GQ",
          "checksum": "05467271dd6541e990a76e4e132e183e"
        },
        {
          "type": "image",
          "assetId": "ZMNvNm1Nzy9_",
          "checksum": "4f9cf2a942af392e55debb6e9c69f473"
        },
        {
          "type": "image",
          "assetId": "HTp-sFyByZfD",
          "checksum": "557938106a51d5504343442264da78ef"
        },
        {
          "type": "image",
          "assetId": "gg3RU8LGdUFV",
          "checksum": "e2976e533d73afe3c90cdb82dfaef927"
        },
        {
          "type": "image",
          "assetId": "M-HIUBC12F8L",
          "checksum": "6a5d2e395e92850b2d026120a2e8d02f"
        },
        {
          "type": "image",
          "assetId": "6lKKYf48edvG",
          "checksum": "9fbf365d642e77cb7fd5aa3532188c0f"
        },
        {
          "type": "image",
          "assetId": "hZS0VmDGX3UA",
          "checksum": "fffc5f64eb8fd30bee26ae82cb3d7776"
        },
        {
          "type": "image",
          "assetId": "eRp_VMjrzedH",
          "checksum": "e7a7eda1c383f89394826dd835ea6dc1"
        },
        {
          "type": "image",
          "assetId": "-a60yI39SLh5",
          "checksum": "9c3840205a87b3bd807199404dd9fcb6"
        },
        {
          "type": "image",
          "assetId": "ZwO3XCoCrGoa",
          "checksum": "f3b076bbb3e72ce575eafa4a8e815f5d"
        },
        {
          "type": "image",
          "assetId": "MiNDyuaP3Mk-",
          "checksum": "3645bdb330a5c4935c5b819f5cbd92ab"
        },
        {
          "type": "image",
          "assetId": "Xh9M3j_OfAQ8",
          "checksum": "dd1911a3534adf0744d863ee5602790b"
        },
        {
          "type": "image",
          "assetId": "dd0YhdEn_gVm",
          "checksum": "7503147aa3b787290fb989d8bc2686ed"
        },
        {
          "type": "image",
          "assetId": "sKJS4x5TyACK",
          "checksum": "332e4490c794f316e4b590617f21f64a"
        },
        {
          "type": "image",
          "assetId": "Ixt9P6Vn5eLo",
          "checksum": "0f566d3b3af73230763a55997181ef07"
        },
        {
          "type": "image",
          "assetId": "ZzPvMdLFe-pK",
          "checksum": "78151527fec31781f88656d8c0aae7c9"
        },
        {
          "type": "image",
          "assetId": "ObgB5pB_tX9c",
          "checksum": "871b0ebd9a0dfcdf94a2e93d195dab8f"
        },
        {
          "type": "image",
          "assetId": "gIJ2EXxPpQu2",
          "checksum": "8b515fbf8c1b44f5f9f93d3819cc2092"
        },
        {
          "type": "image",
          "assetId": "Rji-jITflyAS",
          "checksum": "ffb14c2a6be459185c641268b213984b"
        },
        {
          "type": "image",
          "assetId": "hSH_oG37xZat",
          "checksum": "c214e9efaacc0a004e54b3b9b1081d10"
        },
        {
          "type": "image",
          "assetId": "tsATnG1f95rS",
          "checksum": "68b2f5613b901b4ca8c45dda8fc235fa"
        },
        {
          "type": "image",
          "assetId": "kgPAmjs0wj0E",
          "checksum": "e6c507397415453d7fd659f574b90bb0"
        },
        {
          "type": "image",
          "assetId": "QE6Ipaf3oH05",
          "checksum": "2cc00798af581dfa7be946dd449a23d4"
        },
        {
          "type": "image",
          "assetId": "ZFO4PTgx_2Zy",
          "checksum": "018f57b32bf60830b52080bfd7da2564"
        },
        {
          "type": "image",
          "assetId": "EvCK6M93QUc8",
          "checksum": "633f175d5ba10ea95c0bd27bdb18cf60"
        },
        {
          "type": "image",
          "assetId": "KhwM3I2xwo0m",
          "checksum": "846fbcbc05894784de1d62a11dce96fd"
        },
        {
          "type": "image",
          "assetId": "Lyr4vaXwTu5H",
          "checksum": "79c80a739dd3d8e6e4f09715e3327e9b"
        },
        {
          "type": "image",
          "assetId": "1sCtVEINa5-m",
          "checksum": "cb6cafe7df4fc8c6902a14e7ecf734bc"
        },
        {
          "type": "image",
          "assetId": "td0QWxa3jBF4",
          "checksum": "8020f0c791b2a08e81320309cb61fe4a"
        },
        {
          "type": "image",
          "assetId": "gV8FuthAhYSn",
          "checksum": "372819f7dd1cdd2a6eb6427885123750"
        },
        {
          "type": "image",
          "assetId": "8IZPeSdjK4OQ",
          "checksum": "cdbf06af8989d839f3f9c0f07e14d118"
        },
        {
          "type": "image",
          "assetId": "0emUnHuOw8og",
          "checksum": "c00f24cfcec75ca70a3e03cdda2270e8"
        },
        {
          "type": "image",
          "assetId": "d-_O8qaLBqPG",
          "checksum": "820d472ae11b69cd49fa351057646336"
        },
        {
          "type": "image",
          "assetId": "3DwiOir4J8bx",
          "checksum": "28e318ac04caeeec7f12e92f595e7b23"
        },
        {
          "type": "image",
          "assetId": "yVEJ6_iS4RHl",
          "checksum": "9e56a30fc4b0a94fa80b90bab72576f5"
        },
        {
          "type": "image",
          "assetId": "DT-cHk3OulP2",
          "checksum": "c4a6be15fad0ba4f6534d15fc3814818"
        },
        {
          "type": "image",
          "assetId": "1wzNqqZFqC27",
          "checksum": "899059d39af1beb1a0478466d29fbcc1"
        },
        {
          "type": "image",
          "assetId": "npY-6YmCxmm0",
          "checksum": "97dd974d4612ed121dd89734d92d4c70"
        },
        {
          "type": "image",
          "assetId": "D-BFxj9lBtJL",
          "checksum": "14e30f3f4d64c971035c824689f3f8f5"
        },
        {
          "type": "image",
          "assetId": "wsMlUgz8gYFm",
          "checksum": "d5e2a73c022487742ba4c943d9376a54"
        },
        {
          "type": "image",
          "assetId": "vw7ThB5VONNM",
          "checksum": "1950ad24bcff9876acf7888ca18f3f56"
        },
        {
          "type": "image",
          "assetId": "DaJHUVztHjrK",
          "checksum": "1d2b629457ee75ad046da706fe7d889e"
        },
        {
          "type": "image",
          "assetId": "Oe6vUZCQjd9Z",
          "checksum": "88f6c6e89a65d17b51bc8cb8ea0ec0e2"
        },
        {
          "type": "image",
          "assetId": "41s9UAQmrX5s",
          "checksum": "b7865a7c04ff1e46578f7a9330cddc78"
        },
        {
          "type": "image",
          "assetId": "yX4toHM4pv2X",
          "checksum": "d1e8f623cb7d00107816ac6a25522530"
        },
        {
          "type": "image",
          "assetId": "hfXJvU5sXTFk",
          "checksum": "e5d5c0e20d1fc70cf67cc5f86bd6e6d6"
        },
        {
          "type": "image",
          "assetId": "yZhIS8md2COR",
          "checksum": "8562004ad11915e881062606069d6351"
        },
        {
          "type": "image",
          "assetId": "mPGffLj1_SL-",
          "checksum": "c9b7d4ae819b61346d9f29dfc59c29ea"
        },
        {
          "type": "image",
          "assetId": "cxpGZp3hXXAE",
          "checksum": "3e2d0a34d13f580fba4cefa1496c4320"
        },
        {
          "type": "image",
          "assetId": "R5W7Ek7b1z4k",
          "checksum": "82f059aba3486a4f992fe411def88a0f"
        },
        {
          "type": "image",
          "assetId": "Kr6FycRtq3kt",
          "checksum": "595abb50be9c64dddcbb27a328c1b47d"
        },
        {
          "type": "image",
          "assetId": "LcoJ-vPouFfk",
          "checksum": "d36a9a39d50412bdd5d42d8c2f5f8c76"
        },
        {
          "type": "image",
          "assetId": "lDUK0bjrbI_z",
          "checksum": "32496ede7f70da2dfe82bd6a6e58df08"
        },
        {
          "type": "image",
          "assetId": "yS_yRtk_9mgX",
          "checksum": "7f7bf703dd6ed35ac5cf252c075f95b2"
        },
        {
          "type": "image",
          "assetId": "98G7oL2lg40v",
          "checksum": "86fe724f0a1501fb7cb4b03f904f56cf"
        },
        {
          "type": "image",
          "assetId": "fHrlmL-qdRFf",
          "checksum": "3630eeb8c824de68ba5655c167cb464f"
        },
        {
          "type": "image",
          "assetId": "UEvN9mj684TN",
          "checksum": "f4f6566a4d884f4464b4f3524731f6bc"
        },
        {
          "type": "image",
          "assetId": "HLWlf5zrUAgr",
          "checksum": "15732d1202150b1062c783b254ae6971"
        },
        {
          "type": "image",
          "assetId": "MjzxvOARw12C",
          "checksum": "822a5afe7bd89ffb44e06639fb922f50"
        },
        {
          "type": "image",
          "assetId": "C5z8UhJ3Bzin",
          "checksum": "30d16728107dd4f3800ef3cc9e00e92d"
        },
        {
          "type": "image",
          "assetId": "Tl_MEFAEqNlD",
          "checksum": "fd8422bdeb2a32ff6eaa811919ad17f1"
        },
        {
          "type": "image",
          "assetId": "OWzXo8y4I6cA",
          "checksum": "02c9e25cbd5c3bf148bf59627a14722b"
        },
        {
          "type": "image",
          "assetId": "OFYqSxABtabs",
          "checksum": "79f3d61e926c9266ad6db3a5e35dcd67"
        },
        {
          "type": "image",
          "assetId": "WIv-C311KTKq",
          "checksum": "cb6c82a71aff411e57cbf617b8a1ed64"
        },
        {
          "type": "image",
          "assetId": "_3-nL_w4E6jz",
          "checksum": "1d55b374f42de253881a8d4ef79d7e78"
        },
        {
          "type": "image",
          "assetId": "Ev09JIKE5Xl0",
          "checksum": "719495cd5fb61ef8e97e3b866c5cc13d"
        },
        {
          "type": "image",
          "assetId": "w34HHAekWF4t",
          "checksum": "d495a44b6607ea5c173e19d8e5e2f632"
        },
        {
          "type": "image",
          "assetId": "kt0OgHE04h8p",
          "checksum": "fb491e089d84bfd4bdbabb5cc1433996"
        },
        {
          "type": "image",
          "assetId": "fXkrA0LuIO0t",
          "checksum": "56df40220d44433609be07de35a92333"
        },
        {
          "type": "image",
          "assetId": "THdRFiAS6af1",
          "checksum": "9aaa03468c5f5cc4d35afeb6f88289d2"
        },
        {
          "type": "image",
          "assetId": "nyD1oBI-rFks",
          "checksum": "774af2ba6a6837cb430cf3012c737226"
        },
        {
          "type": "image",
          "assetId": "Ff5Gxsn3qUiJ",
          "checksum": "0270abc4be916fd965c4c10b9ac64ce9"
        },
        {
          "type": "image",
          "assetId": "KWUUmlcXJ37C",
          "checksum": "adf831785ae8cfccd91c3dad90463595"
        },
        {
          "type": "image",
          "assetId": "f9KJf4wL-dzD",
          "checksum": "308c0d321d9d33d25a96b79691d98eda"
        },
        {
          "type": "image",
          "assetId": "7gR-YKoc9fAi",
          "checksum": "c0e6f065c675395218b2279401773c88"
        }
      ],
      "codegenVersion": "0.0.1"
    }
  ],
  "cliVersion": "0.1.335"
}
